
Microsoft Visual Studio Solution File, Format Version 12.00
# Visual Studio Version 17
VisualStudioVersion = 17.0.31903.59
MinimumVisualStudioVersion = 10.0.40219.1
Project("{FAE04EC0-301F-11D3-BF4B-00C04F79EFBC}") = "day1", "day1\day1.csproj", "{BD7515F0-5489-4B1F-B4DE-942B8E7170ED}"
EndProject
Project("{FAE04EC0-301F-11D3-BF4B-00C04F79EFBC}") = "day2", "day2\day2.csproj", "{AA7E5C56-A9A1-4FF2-95A8-7C85C55771AC}"
EndProject
Project("{FAE04EC0-301F-11D3-BF4B-00C04F79EFBC}") = "day3", "day3\day3.csproj", "{2D5924C2-5FDB-457B-B040-76F03C88F35D}"
EndProject
Project("{FAE04EC0-301F-11D3-BF4B-00C04F79EFBC}") = "day4", "day4\day4.csproj", "{F05A9051-EF90-4673-A56C-D88150869273}"
EndProject
Project("{FAE04EC0-301F-11D3-BF4B-00C04F79EFBC}") = "day5", "day5\day5.csproj", "{434DB915-6102-46FE-AD57-B4B39A3985F5}"
EndProject
Project("{FAE04EC0-301F-11D3-BF4B-00C04F79EFBC}") = "day6", "day6\day6.csproj", "{1CBA487B-DF5E-40BA-894F-9E65B0168FC3}"
EndProject
Global
	GlobalSection(SolutionConfigurationPlatforms) = preSolution
		Debug|Any CPU = Debug|Any CPU
		Debug|x64 = Debug|x64
		Debug|x86 = Debug|x86
		Release|Any CPU = Release|Any CPU
		Release|x64 = Release|x64
		Release|x86 = Release|x86
	EndGlobalSection
	GlobalSection(ProjectConfigurationPlatforms) = postSolution
		{BD7515F0-5489-4B1F-B4DE-942B8E7170ED}.Debug|Any CPU.ActiveCfg = Debug|Any CPU
		{BD7515F0-5489-4B1F-B4DE-942B8E7170ED}.Debug|Any CPU.Build.0 = Debug|Any CPU
		{BD7515F0-5489-4B1F-B4DE-942B8E7170ED}.Debug|x64.ActiveCfg = Debug|Any CPU
		{BD7515F0-5489-4B1F-B4DE-942B8E7170ED}.Debug|x64.Build.0 = Debug|Any CPU
		{BD7515F0-5489-4B1F-B4DE-942B8E7170ED}.Debug|x86.ActiveCfg = Debug|Any CPU
		{BD7515F0-5489-4B1F-B4DE-942B8E7170ED}.Debug|x86.Build.0 = Debug|Any CPU
		{BD7515F0-5489-4B1F-B4DE-942B8E7170ED}.Release|Any CPU.ActiveCfg = Release|Any CPU
		{BD7515F0-5489-4B1F-B4DE-942B8E7170ED}.Release|Any CPU.Build.0 = Release|Any CPU
		{BD7515F0-5489-4B1F-B4DE-942B8E7170ED}.Release|x64.ActiveCfg = Release|Any CPU
		{BD7515F0-5489-4B1F-B4DE-942B8E7170ED}.Release|x64.Build.0 = Release|Any CPU
		{BD7515F0-5489-4B1F-B4DE-942B8E7170ED}.Release|x86.ActiveCfg = Release|Any CPU
		{BD7515F0-5489-4B1F-B4DE-942B8E7170ED}.Release|x86.Build.0 = Release|Any CPU
		{AA7E5C56-A9A1-4FF2-95A8-7C85C55771AC}.Debug|Any CPU.ActiveCfg = Debug|Any CPU
		{AA7E5C56-A9A1-4FF2-95A8-7C85C55771AC}.Debug|Any CPU.Build.0 = Debug|Any CPU
		{AA7E5C56-A9A1-4FF2-95A8-7C85C55771AC}.Debug|x64.ActiveCfg = Debug|Any CPU
		{AA7E5C56-A9A1-4FF2-95A8-7C85C55771AC}.Debug|x64.Build.0 = Debug|Any CPU
		{AA7E5C56-A9A1-4FF2-95A8-7C85C55771AC}.Debug|x86.ActiveCfg = Debug|Any CPU
		{AA7E5C56-A9A1-4FF2-95A8-7C85C55771AC}.Debug|x86.Build.0 = Debug|Any CPU
		{AA7E5C56-A9A1-4FF2-95A8-7C85C55771AC}.Release|Any CPU.ActiveCfg = Release|Any CPU
		{AA7E5C56-A9A1-4FF2-95A8-7C85C55771AC}.Release|Any CPU.Build.0 = Release|Any CPU
		{AA7E5C56-A9A1-4FF2-95A8-7C85C55771AC}.Release|x64.ActiveCfg = Release|Any CPU
		{AA7E5C56-A9A1-4FF2-95A8-7C85C55771AC}.Release|x64.Build.0 = Release|Any CPU
		{AA7E5C56-A9A1-4FF2-95A8-7C85C55771AC}.Release|x86.ActiveCfg = Release|Any CPU
		{AA7E5C56-A9A1-4FF2-95A8-7C85C55771AC}.Release|x86.Build.0 = Release|Any CPU
		{2D5924C2-5FDB-457B-B040-76F03C88F35D}.Debug|Any CPU.ActiveCfg = Debug|Any CPU
		{2D5924C2-5FDB-457B-B040-76F03C88F35D}.Debug|Any CPU.Build.0 = Debug|Any CPU
		{2D5924C2-5FDB-457B-B040-76F03C88F35D}.Debug|x64.ActiveCfg = Debug|Any CPU
		{2D5924C2-5FDB-457B-B040-76F03C88F35D}.Debug|x64.Build.0 = Debug|Any CPU
		{2D5924C2-5FDB-457B-B040-76F03C88F35D}.Debug|x86.ActiveCfg = Debug|Any CPU
		{2D5924C2-5FDB-457B-B040-76F03C88F35D}.Debug|x86.Build.0 = Debug|Any CPU
		{2D5924C2-5FDB-457B-B040-76F03C88F35D}.Release|Any CPU.ActiveCfg = Release|Any CPU
		{2D5924C2-5FDB-457B-B040-76F03C88F35D}.Release|Any CPU.Build.0 = Release|Any CPU
		{2D5924C2-5FDB-457B-B040-76F03C88F35D}.Release|x64.ActiveCfg = Release|Any CPU
		{2D5924C2-5FDB-457B-B040-76F03C88F35D}.Release|x64.Build.0 = Release|Any CPU
		{2D5924C2-5FDB-457B-B040-76F03C88F35D}.Release|x86.ActiveCfg = Release|Any CPU
		{2D5924C2-5FDB-457B-B040-76F03C88F35D}.Release|x86.Build.0 = Release|Any CPU
		{F05A9051-EF90-4673-A56C-D88150869273}.Debug|Any CPU.ActiveCfg = Debug|Any CPU
		{F05A9051-EF90-4673-A56C-D88150869273}.Debug|Any CPU.Build.0 = Debug|Any CPU
		{F05A9051-EF90-4673-A56C-D88150869273}.Debug|x64.ActiveCfg = Debug|Any CPU
		{F05A9051-EF90-4673-A56C-D88150869273}.Debug|x64.Build.0 = Debug|Any CPU
		{F05A9051-EF90-4673-A56C-D88150869273}.Debug|x86.ActiveCfg = Debug|Any CPU
		{F05A9051-EF90-4673-A56C-D88150869273}.Debug|x86.Build.0 = Debug|Any CPU
		{F05A9051-EF90-4673-A56C-D88150869273}.Release|Any CPU.ActiveCfg = Release|Any CPU
		{F05A9051-EF90-4673-A56C-D88150869273}.Release|Any CPU.Build.0 = Release|Any CPU
		{F05A9051-EF90-4673-A56C-D88150869273}.Release|x64.ActiveCfg = Release|Any CPU
		{F05A9051-EF90-4673-A56C-D88150869273}.Release|x64.Build.0 = Release|Any CPU
		{F05A9051-EF90-4673-A56C-D88150869273}.Release|x86.ActiveCfg = Release|Any CPU
		{F05A9051-EF90-4673-A56C-D88150869273}.Release|x86.Build.0 = Release|Any CPU
		{434DB915-6102-46FE-AD57-B4B39A3985F5}.Debug|Any CPU.ActiveCfg = Debug|Any CPU
		{434DB915-6102-46FE-AD57-B4B39A3985F5}.Debug|Any CPU.Build.0 = Debug|Any CPU
		{434DB915-6102-46FE-AD57-B4B39A3985F5}.Debug|x64.ActiveCfg = Debug|Any CPU
		{434DB915-6102-46FE-AD57-B4B39A3985F5}.Debug|x64.Build.0 = Debug|Any CPU
		{434DB915-6102-46FE-AD57-B4B39A3985F5}.Debug|x86.ActiveCfg = Debug|Any CPU
		{434DB915-6102-46FE-AD57-B4B39A3985F5}.Debug|x86.Build.0 = Debug|Any CPU
		{434DB915-6102-46FE-AD57-B4B39A3985F5}.Release|Any CPU.ActiveCfg = Release|Any CPU
		{434DB915-6102-46FE-AD57-B4B39A3985F5}.Release|Any CPU.Build.0 = Release|Any CPU
		{434DB915-6102-46FE-AD57-B4B39A3985F5}.Release|x64.ActiveCfg = Release|Any CPU
		{434DB915-6102-46FE-AD57-B4B39A3985F5}.Release|x64.Build.0 = Release|Any CPU
		{434DB915-6102-46FE-AD57-B4B39A3985F5}.Release|x86.ActiveCfg = Release|Any CPU
		{434DB915-6102-46FE-AD57-B4B39A3985F5}.Release|x86.Build.0 = Release|Any CPU
		{1CBA487B-DF5E-40BA-894F-9E65B0168FC3}.Debug|Any CPU.ActiveCfg = Debug|Any CPU
		{1CBA487B-DF5E-40BA-894F-9E65B0168FC3}.Debug|Any CPU.Build.0 = Debug|Any CPU
		{1CBA487B-DF5E-40BA-894F-9E65B0168FC3}.Debug|x64.ActiveCfg = Debug|Any CPU
		{1CBA487B-DF5E-40BA-894F-9E65B0168FC3}.Debug|x64.Build.0 = Debug|Any CPU
		{1CBA487B-DF5E-40BA-894F-9E65B0168FC3}.Debug|x86.ActiveCfg = Debug|Any CPU
		{1CBA487B-DF5E-40BA-894F-9E65B0168FC3}.Debug|x86.Build.0 = Debug|Any CPU
		{1CBA487B-DF5E-40BA-894F-9E65B0168FC3}.Release|Any CPU.ActiveCfg = Release|Any CPU
		{1CBA487B-DF5E-40BA-894F-9E65B0168FC3}.Release|Any CPU.Build.0 = Release|Any CPU
		{1CBA487B-DF5E-40BA-894F-9E65B0168FC3}.Release|x64.ActiveCfg = Release|Any CPU
		{1CBA487B-DF5E-40BA-894F-9E65B0168FC3}.Release|x64.Build.0 = Release|Any CPU
		{1CBA487B-DF5E-40BA-894F-9E65B0168FC3}.Release|x86.ActiveCfg = Release|Any CPU
		{1CBA487B-DF5E-40BA-894F-9E65B0168FC3}.Release|x86.Build.0 = Release|Any CPU
	EndGlobalSection
	GlobalSection(SolutionProperties) = preSolution
		HideSolutionNode = FALSE
	EndGlobalSection
EndGlobal
